Microsoft Visual Studio Solution File, Format Version 12.00
# Visual Studio 15
VisualStudioVersion = 15.0.28307.421
MinimumVisualStudioVersion = 10.0.40219.1
Project("{FAE04EC0-301F-11D3-BF4B-00C04F79EFBC}") = "UserProfileDemo.Android", "UserProfileDemo.Android\UserProfileDemo.Android.csproj", "{F9F756A0-9366-44C1-97E2-26E3D6F76987}"
EndProject
Project("{FAE04EC0-301F-11D3-BF4B-00C04F79EFBC}") = "UserProfileDemo.iOS", "UserProfileDemo.iOS\UserProfileDemo.iOS.csproj", "{ED6E135C-8E98-439D-8505-990C5D163211}"
EndProject
Project("{9A19103F-16F7-4668-BE54-9A1E7A4F7556}") = "UserProfileDemo", "UserProfileDemo\UserProfileDemo.csproj", "{BD1E66EC-28F3-4404-97C5-F7AB7CD019F8}"
EndProject
Project("{9A19103F-16F7-4668-BE54-9A1E7A4F7556}") = "UserProfileDemo.Core", "UserProfileDemo.Core\UserProfileDemo.Core.csproj", "{CF306A96-4534-4EB5-B18E-66F42884B1B8}"
EndProject
Project("{2150E333-8FDC-42A3-9474-1A3956D46DE8}") = "Platform", "Platform", "{92B6C8FA-AFE5-4E93-A402-1BF8206283FC}"
EndProject
Project("{FAE04EC0-301F-11D3-BF4B-00C04F79EFBC}") = "UserProfileDemo.UWP", "UserProfileDemo.UWP\UserProfileDemo.UWP.csproj", "{8808D9CE-CDEB-43AA-BE1A-05766A865FC6}"
EndProject
Project("{FAE04EC0-301F-11D3-BF4B-00C04F79EFBC}") = "UserProfileDemo.Models", "UserProfileDemo.Models\UserProfileDemo.Models.csproj", "{B17577E7-6D7A-4852-86B0-F5EA3FE9E15B}"
EndProject
Project("{FAE04EC0-301F-11D3-BF4B-00C04F79EFBC}") = "UserProfileDemo.Repositories", "UserProfileDemo.Repositories\UserProfileDemo.Repositories.csproj", "{D99B097D-E0B6-41CB-ADD7-838B7D818164}"
EndProject
Global
	GlobalSection(SolutionConfigurationPlatforms) = preSolution
		Ad-Hoc|Any CPU = Ad-Hoc|Any CPU
		Ad-Hoc|ARM = Ad-Hoc|ARM
		Ad-Hoc|ARM64 = Ad-Hoc|ARM64
		Ad-Hoc|iPhone = Ad-Hoc|iPhone
		Ad-Hoc|iPhoneSimulator = Ad-Hoc|iPhoneSimulator
		Ad-Hoc|x64 = Ad-Hoc|x64
		Ad-Hoc|x86 = Ad-Hoc|x86
		AppStore|Any CPU = AppStore|Any CPU
		AppStore|ARM = AppStore|ARM
		AppStore|ARM64 = AppStore|ARM64
		AppStore|iPhone = AppStore|iPhone
		AppStore|iPhoneSimulator = AppStore|iPhoneSimulator
		AppStore|x64 = AppStore|x64
		AppStore|x86 = AppStore|x86
		Debug|Any CPU = Debug|Any CPU
		Debug|ARM = Debug|ARM
		Debug|ARM64 = Debug|ARM64
		Debug|iPhone = Debug|iPhone
		Debug|iPhoneSimulator = Debug|iPhoneSimulator
		Debug|x64 = Debug|x64
		Debug|x86 = Debug|x86
		Release|Any CPU = Release|Any CPU
		Release|ARM = Release|ARM
		Release|ARM64 = Release|ARM64
		Release|iPhone = Release|iPhone
		Release|iPhoneSimulator = Release|iPhoneSimulator
		Release|x64 = Release|x64
		Release|x86 = Release|x86
	EndGlobalSection
	GlobalSection(ProjectConfigurationPlatforms) = postSolution
		{F9F756A0-9366-44C1-97E2-26E3D6F76987}.Ad-Hoc|Any CPU.ActiveCfg = Release|Any CPU
		{F9F756A0-9366-44C1-97E2-26E3D6F76987}.Ad-Hoc|Any CPU.Build.0 = Release|Any CPU
		{F9F756A0-9366-44C1-97E2-26E3D6F76987}.Ad-Hoc|Any CPU.Deploy.0 = Release|Any CPU
		{F9F756A0-9366-44C1-97E2-26E3D6F76987}.Ad-Hoc|ARM.ActiveCfg = Release|Any CPU
		{F9F756A0-9366-44C1-97E2-26E3D6F76987}.Ad-Hoc|ARM.Build.0 = Release|Any CPU
		{F9F756A0-9366-44C1-97E2-26E3D6F76987}.Ad-Hoc|ARM.Deploy.0 = Release|Any CPU
		{F9F756A0-9366-44C1-97E2-26E3D6F76987}.Ad-Hoc|ARM64.ActiveCfg = Release|Any CPU
		{F9F756A0-9366-44C1-97E2-26E3D6F76987}.Ad-Hoc|ARM64.Build.0 = Release|Any CPU
		{F9F756A0-9366-44C1-97E2-26E3D6F76987}.Ad-Hoc|ARM64.Deploy.0 = Release|Any CPU
		{F9F756A0-9366-44C1-97E2-26E3D6F76987}.Ad-Hoc|iPhone.ActiveCfg = Debug|Any CPU
		{F9F756A0-9366-44C1-97E2-26E3D6F76987}.Ad-Hoc|iPhone.Build.0 = Debug|Any CPU
		{F9F756A0-9366-44C1-97E2-26E3D6F76987}.Ad-Hoc|iPhoneSimulator.ActiveCfg = Release|Any CPU
		{F9F756A0-9366-44C1-97E2-26E3D6F76987}.Ad-Hoc|iPhoneSimulator.Build.0 = Release|Any CPU
		{F9F756A0-9366-44C1-97E2-26E3D6F76987}.Ad-Hoc|iPhoneSimulator.Deploy.0 = Release|Any CPU
		{F9F756A0-9366-44C1-97E2-26E3D6F76987}.Ad-Hoc|x64.ActiveCfg = Release|Any CPU
		{F9F756A0-9366-44C1-97E2-26E3D6F76987}.Ad-Hoc|x64.Build.0 = Release|Any CPU
		{F9F756A0-9366-44C1-97E2-26E3D6F76987}.Ad-Hoc|x64.Deploy.0 = Release|Any CPU
		{F9F756A0-9366-44C1-97E2-26E3D6F76987}.Ad-Hoc|x86.ActiveCfg = Release|Any CPU
		{F9F756A0-9366-44C1-97E2-26E3D6F76987}.Ad-Hoc|x86.Build.0 = Release|Any CPU
		{F9F756A0-9366-44C1-97E2-26E3D6F76987}.Ad-Hoc|x86.Deploy.0 = Release|Any CPU
		{F9F756A0-9366-44C1-97E2-26E3D6F76987}.AppStore|Any CPU.ActiveCfg = Release|Any CPU
		{F9F756A0-9366-44C1-97E2-26E3D6F76987}.AppStore|Any CPU.Build.0 = Release|Any CPU
		{F9F756A0-9366-44C1-97E2-26E3D6F76987}.AppStore|Any CPU.Deploy.0 = Release|Any CPU
		{F9F756A0-9366-44C1-97E2-26E3D6F76987}.AppStore|ARM.ActiveCfg = Release|Any CPU
		{F9F756A0-9366-44C1-97E2-26E3D6F76987}.AppStore|ARM.Build.0 = Release|Any CPU
		{F9F756A0-9366-44C1-97E2-26E3D6F76987}.AppStore|ARM.Deploy.0 = Release|Any CPU
		{F9F756A0-9366-44C1-97E2-26E3D6F76987}.AppStore|ARM64.ActiveCfg = Release|Any CPU
		{F9F756A0-9366-44C1-97E2-26E3D6F76987}.AppStore|ARM64.Build.0 = Release|Any CPU
		{F9F756A0-9366-44C1-97E2-26E3D6F76987}.AppStore|ARM64.Deploy.0 = Release|Any CPU
		{F9F756A0-9366-44C1-97E2-26E3D6F76987}.AppStore|iPhone.ActiveCfg = Debug|Any CPU
		{F9F756A0-9366-44C1-97E2-26E3D6F76987}.AppStore|iPhone.Build.0 = Debug|Any CPU
		{F9F756A0-9366-44C1-97E2-26E3D6F76987}.AppStore|iPhoneSimulator.ActiveCfg = Release|Any CPU
		{F9F756A0-9366-44C1-97E2-26E3D6F76987}.AppStore|iPhoneSimulator.Build.0 = Release|Any CPU
		{F9F756A0-9366-44C1-97E2-26E3D6F76987}.AppStore|iPhoneSimulator.Deploy.0 = Release|Any CPU
		{F9F756A0-9366-44C1-97E2-26E3D6F76987}.AppStore|x64.ActiveCfg = Release|Any CPU
		{F9F756A0-9366-44C1-97E2-26E3D6F76987}.AppStore|x64.Build.0 = Release|Any CPU
		{F9F756A0-9366-44C1-97E2-26E3D6F76987}.AppStore|x64.Deploy.0 = Release|Any CPU
		{F9F756A0-9366-44C1-97E2-26E3D6F76987}.AppStore|x86.ActiveCfg = Release|Any CPU
		{F9F756A0-9366-44C1-97E2-26E3D6F76987}.AppStore|x86.Build.0 = Release|Any CPU
		{F9F756A0-9366-44C1-97E2-26E3D6F76987}.AppStore|x86.Deploy.0 = Release|Any CPU
		{F9F756A0-9366-44C1-97E2-26E3D6F76987}.Debug|Any CPU.ActiveCfg = Debug|Any CPU
		{F9F756A0-9366-44C1-97E2-26E3D6F76987}.Debug|Any CPU.Build.0 = Debug|Any CPU
		{F9F756A0-9366-44C1-97E2-26E3D6F76987}.Debug|ARM.ActiveCfg = Debug|Any CPU
		{F9F756A0-9366-44C1-97E2-26E3D6F76987}.Debug|ARM.Build.0 = Debug|Any CPU
		{F9F756A0-9366-44C1-97E2-26E3D6F76987}.Debug|ARM.Deploy.0 = Debug|Any CPU
		{F9F756A0-9366-44C1-97E2-26E3D6F76987}.Debug|ARM64.ActiveCfg = Debug|Any CPU
		{F9F756A0-9366-44C1-97E2-26E3D6F76987}.Debug|ARM64.Build.0 = Debug|Any CPU
		{F9F756A0-9366-44C1-97E2-26E3D6F76987}.Debug|ARM64.Deploy.0 = Debug|Any CPU
		{F9F756A0-9366-44C1-97E2-26E3D6F76987}.Debug|iPhone.ActiveCfg = Debug|Any CPU
		{F9F756A0-9366-44C1-97E2-26E3D6F76987}.Debug|iPhone.Build.0 = Debug|Any CPU
		{F9F756A0-9366-44C1-97E2-26E3D6F76987}.Debug|iPhoneSimulator.ActiveCfg = Debug|Any CPU
		{F9F756A0-9366-44C1-97E2-26E3D6F76987}.Debug|iPhoneSimulator.Build.0 = Debug|Any CPU
		{F9F756A0-9366-44C1-97E2-26E3D6F76987}.Debug|x64.ActiveCfg = Debug|Any CPU
		{F9F756A0-9366-44C1-97E2-26E3D6F76987}.Debug|x64.Build.0 = Debug|Any CPU
		{F9F756A0-9366-44C1-97E2-26E3D6F76987}.Debug|x64.Deploy.0 = Debug|Any CPU
		{F9F756A0-9366-44C1-97E2-26E3D6F76987}.Debug|x86.ActiveCfg = Debug|Any CPU
		{F9F756A0-9366-44C1-97E2-26E3D6F76987}.Debug|x86.Build.0 = Debug|Any CPU
		{F9F756A0-9366-44C1-97E2-26E3D6F76987}.Debug|x86.Deploy.0 = Debug|Any CPU
		{F9F756A0-9366-44C1-97E2-26E3D6F76987}.Release|Any CPU.ActiveCfg = Release|Any CPU
		{F9F756A0-9366-44C1-97E2-26E3D6F76987}.Release|Any CPU.Build.0 = Release|Any CPU
		{F9F756A0-9366-44C1-97E2-26E3D6F76987}.Release|ARM.ActiveCfg = Release|Any CPU
		{F9F756A0-9366-44C1-97E2-26E3D6F76987}.Release|ARM.Build.0 = Release|Any CPU
		{F9F756A0-9366-44C1-97E2-26E3D6F76987}.Release|ARM.Deploy.0 = Release|Any CPU
		{F9F756A0-9366-44C1-97E2-26E3D6F76987}.Release|ARM64.ActiveCfg = Release|Any CPU
		{F9F756A0-9366-44C1-97E2-26E3D6F76987}.Release|ARM64.Build.0 = Release|Any CPU
		{F9F756A0-9366-44C1-97E2-26E3D6F76987}.Release|ARM64.Deploy.0 = Release|Any CPU
		{F9F756A0-9366-44C1-97E2-26E3D6F76987}.Release|iPhone.ActiveCfg = Release|Any CPU
		{F9F756A0-9366-44C1-97E2-26E3D6F76987}.Release|iPhone.Build.0 = Release|Any CPU
		{F9F756A0-9366-44C1-97E2-26E3D6F76987}.Release|iPhoneSimulator.ActiveCfg = Release|Any CPU
		{F9F756A0-9366-44C1-97E2-26E3D6F76987}.Release|iPhoneSimulator.Build.0 = Release|Any CPU
		{F9F756A0-9366-44C1-97E2-26E3D6F76987}.Release|x64.ActiveCfg = Release|Any CPU
		{F9F756A0-9366-44C1-97E2-26E3D6F76987}.Release|x64.Build.0 = Release|Any CPU
		{F9F756A0-9366-44C1-97E2-26E3D6F76987}.Release|x64.Deploy.0 = Release|Any CPU
		{F9F756A0-9366-44C1-97E2-26E3D6F76987}.Release|x86.ActiveCfg = Release|Any CPU
		{F9F756A0-9366-44C1-97E2-26E3D6F76987}.Release|x86.Build.0 = Release|Any CPU
		{F9F756A0-9366-44C1-97E2-26E3D6F76987}.Release|x86.Deploy.0 = Release|Any CPU
		{ED6E135C-8E98-439D-8505-990C5D163211}.Ad-Hoc|Any CPU.ActiveCfg = Ad-Hoc|iPhoneSimulator
		{ED6E135C-8E98-439D-8505-990C5D163211}.Ad-Hoc|ARM.ActiveCfg = Ad-Hoc|iPhoneSimulator
		{ED6E135C-8E98-439D-8505-990C5D163211}.Ad-Hoc|ARM64.ActiveCfg = Ad-Hoc|iPhoneSimulator
		{ED6E135C-8E98-439D-8505-990C5D163211}.Ad-Hoc|iPhone.ActiveCfg = Ad-Hoc|iPhone
		{ED6E135C-8E98-439D-8505-990C5D163211}.Ad-Hoc|iPhone.Build.0 = Ad-Hoc|iPhone
		{ED6E135C-8E98-439D-8505-990C5D163211}.Ad-Hoc|iPhoneSimulator.ActiveCfg = Ad-Hoc|iPhoneSimulator
		{ED6E135C-8E98-439D-8505-990C5D163211}.Ad-Hoc|iPhoneSimulator.Build.0 = Ad-Hoc|iPhoneSimulator
		{ED6E135C-8E98-439D-8505-990C5D163211}.Ad-Hoc|x64.ActiveCfg = Ad-Hoc|iPhoneSimulator
		{ED6E135C-8E98-439D-8505-990C5D163211}.Ad-Hoc|x86.ActiveCfg = Ad-Hoc|iPhoneSimulator
		{ED6E135C-8E98-439D-8505-990C5D163211}.AppStore|Any CPU.ActiveCfg = AppStore|iPhoneSimulator
		{ED6E135C-8E98-439D-8505-990C5D163211}.AppStore|ARM.ActiveCfg = AppStore|iPhoneSimulator
		{ED6E135C-8E98-439D-8505-990C5D163211}.AppStore|ARM64.ActiveCfg = AppStore|iPhoneSimulator
		{ED6E135C-8E98-439D-8505-990C5D163211}.AppStore|iPhone.ActiveCfg = AppStore|iPhone
		{ED6E135C-8E98-439D-8505-990C5D163211}.AppStore|iPhone.Build.0 = AppStore|iPhone
		{ED6E135C-8E98-439D-8505-990C5D163211}.AppStore|iPhoneSimulator.ActiveCfg = AppStore|iPhoneSimulator
		{ED6E135C-8E98-439D-8505-990C5D163211}.AppStore|iPhoneSimulator.Build.0 = AppStore|iPhoneSimulator
		{ED6E135C-8E98-439D-8505-990C5D163211}.AppStore|x64.ActiveCfg = AppStore|iPhoneSimulator
		{ED6E135C-8E98-439D-8505-990C5D163211}.AppStore|x86.ActiveCfg = AppStore|iPhoneSimulator
		{ED6E135C-8E98-439D-8505-990C5D163211}.Debug|Any CPU.ActiveCfg = Debug|iPhoneSimulator
		{ED6E135C-8E98-439D-8505-990C5D163211}.Debug|Any CPU.Build.0 = Debug|iPhoneSimulator
		{ED6E135C-8E98-439D-8505-990C5D163211}.Debug|ARM.ActiveCfg = Debug|iPhone
		{ED6E135C-8E98-439D-8505-990C5D163211}.Debug|ARM64.ActiveCfg = Debug|iPhone
		{ED6E135C-8E98-439D-8505-990C5D163211}.Debug|iPhone.ActiveCfg = Debug|iPhone
		{ED6E135C-8E98-439D-8505-990C5D163211}.Debug|iPhone.Build.0 = Debug|iPhone
		{ED6E135C-8E98-439D-8505-990C5D163211}.Debug|iPhoneSimulator.ActiveCfg = Debug|iPhoneSimulator
		{ED6E135C-8E98-439D-8505-990C5D163211}.Debug|iPhoneSimulator.Build.0 = Debug|iPhoneSimulator
		{ED6E135C-8E98-439D-8505-990C5D163211}.Debug|x64.ActiveCfg = Debug|iPhone
		{ED6E135C-8E98-439D-8505-990C5D163211}.Debug|x86.ActiveCfg = Debug|iPhone
		{ED6E135C-8E98-439D-8505-990C5D163211}.Release|Any CPU.ActiveCfg = Release|iPhoneSimulator
		{ED6E135C-8E98-439D-8505-990C5D163211}.Release|Any CPU.Build.0 = Release|iPhoneSimulator
		{ED6E135C-8E98-439D-8505-990C5D163211}.Release|ARM.ActiveCfg = Release|iPhone
		{ED6E135C-8E98-439D-8505-990C5D163211}.Release|ARM64.ActiveCfg = Release|iPhone
		{ED6E135C-8E98-439D-8505-990C5D163211}.Release|iPhone.ActiveCfg = Release|iPhone
		{ED6E135C-8E98-439D-8505-990C5D163211}.Release|iPhone.Build.0 = Release|iPhone
		{ED6E135C-8E98-439D-8505-990C5D163211}.Release|iPhoneSimulator.ActiveCfg = Release|iPhoneSimulator
		{ED6E135C-8E98-439D-8505-990C5D163211}.Release|iPhoneSimulator.Build.0 = Release|iPhoneSimulator
		{ED6E135C-8E98-439D-8505-990C5D163211}.Release|x64.ActiveCfg = Release|iPhone
		{ED6E135C-8E98-439D-8505-990C5D163211}.Release|x86.ActiveCfg = Release|iPhone
		{BD1E66EC-28F3-4404-97C5-F7AB7CD019F8}.Ad-Hoc|Any CPU.ActiveCfg = Release|Any CPU
		{BD1E66EC-28F3-4404-97C5-F7AB7CD019F8}.Ad-Hoc|Any CPU.Build.0 = Release|Any CPU
		{BD1E66EC-28F3-4404-97C5-F7AB7CD019F8}.Ad-Hoc|ARM.ActiveCfg = Release|Any CPU
		{BD1E66EC-28F3-4404-97C5-F7AB7CD019F8}.Ad-Hoc|ARM.Build.0 = Release|Any CPU
		{BD1E66EC-28F3-4404-97C5-F7AB7CD019F8}.Ad-Hoc|ARM64.ActiveCfg = Release|Any CPU
		{BD1E66EC-28F3-4404-97C5-F7AB7CD019F8}.Ad-Hoc|ARM64.Build.0 = Release|Any CPU
		{BD1E66EC-28F3-4404-97C5-F7AB7CD019F8}.Ad-Hoc|iPhone.ActiveCfg = Debug|Any CPU
		{BD1E66EC-28F3-4404-97C5-F7AB7CD019F8}.Ad-Hoc|iPhone.Build.0 = Debug|Any CPU
		{BD1E66EC-28F3-4404-97C5-F7AB7CD019F8}.Ad-Hoc|iPhoneSimulator.ActiveCfg = Release|Any CPU
		{BD1E66EC-28F3-4404-97C5-F7AB7CD019F8}.Ad-Hoc|iPhoneSimulator.Build.0 = Release|Any CPU
		{BD1E66EC-28F3-4404-97C5-F7AB7CD019F8}.Ad-Hoc|x64.ActiveCfg = Release|Any CPU
		{BD1E66EC-28F3-4404-97C5-F7AB7CD019F8}.Ad-Hoc|x64.Build.0 = Release|Any CPU
		{BD1E66EC-28F3-4404-97C5-F7AB7CD019F8}.Ad-Hoc|x86.ActiveCfg = Release|Any CPU
		{BD1E66EC-28F3-4404-97C5-F7AB7CD019F8}.Ad-Hoc|x86.Build.0 = Release|Any CPU
		{BD1E66EC-28F3-4404-97C5-F7AB7CD019F8}.AppStore|Any CPU.ActiveCfg = Release|Any CPU
		{BD1E66EC-28F3-4404-97C5-F7AB7CD019F8}.AppStore|Any CPU.Build.0 = Release|Any CPU
		{BD1E66EC-28F3-4404-97C5-F7AB7CD019F8}.AppStore|ARM.ActiveCfg = Release|Any CPU
		{BD1E66EC-28F3-4404-97C5-F7AB7CD019F8}.AppStore|ARM.Build.0 = Release|Any CPU
		{BD1E66EC-28F3-4404-97C5-F7AB7CD019F8}.AppStore|ARM64.ActiveCfg = Release|Any CPU
		{BD1E66EC-28F3-4404-97C5-F7AB7CD019F8}.AppStore|ARM64.Build.0 = Release|Any CPU
		{BD1E66EC-28F3-4404-97C5-F7AB7CD019F8}.AppStore|iPhone.ActiveCfg = Debug|Any CPU
		{BD1E66EC-28F3-4404-97C5-F7AB7CD019F8}.AppStore|iPhone.Build.0 = Debug|Any CPU
		{BD1E66EC-28F3-4404-97C5-F7AB7CD019F8}.AppStore|iPhoneSimulator.ActiveCfg = Release|Any CPU
		{BD1E66EC-28F3-4404-97C5-F7AB7CD019F8}.AppStore|iPhoneSimulator.Build.0 = Release|Any CPU
		{BD1E66EC-28F3-4404-97C5-F7AB7CD019F8}.AppStore|x64.ActiveCfg = Release|Any CPU
		{BD1E66EC-28F3-4404-97C5-F7AB7CD019F8}.AppStore|x64.Build.0 = Release|Any CPU
		{BD1E66EC-28F3-4404-97C5-F7AB7CD019F8}.AppStore|x86.ActiveCfg = Release|Any CPU
		{BD1E66EC-28F3-4404-97C5-F7AB7CD019F8}.AppStore|x86.Build.0 = Release|Any CPU
		{BD1E66EC-28F3-4404-97C5-F7AB7CD019F8}.Debug|Any CPU.ActiveCfg = Debug|Any CPU
		{BD1E66EC-28F3-4404-97C5-F7AB7CD019F8}.Debug|Any CPU.Build.0 = Debug|Any CPU
		{BD1E66EC-28F3-4404-97C5-F7AB7CD019F8}.Debug|ARM.ActiveCfg = Debug|Any CPU
		{BD1E66EC-28F3-4404-97C5-F7AB7CD019F8}.Debug|ARM.Build.0 = Debug|Any CPU
		{BD1E66EC-28F3-4404-97C5-F7AB7CD019F8}.Debug|ARM64.ActiveCfg = Debug|Any CPU
		{BD1E66EC-28F3-4404-97C5-F7AB7CD019F8}.Debug|ARM64.Build.0 = Debug|Any CPU
		{BD1E66EC-28F3-4404-97C5-F7AB7CD019F8}.Debug|iPhone.ActiveCfg = Debug|Any CPU
		{BD1E66EC-28F3-4404-97C5-F7AB7CD019F8}.Debug|iPhone.Build.0 = Debug|Any CPU
		{BD1E66EC-28F3-4404-97C5-F7AB7CD019F8}.Debug|iPhoneSimulator.ActiveCfg = Debug|Any CPU
		{BD1E66EC-28F3-4404-97C5-F7AB7CD019F8}.Debug|iPhoneSimulator.Build.0 = Debug|Any CPU
		{BD1E66EC-28F3-4404-97C5-F7AB7CD019F8}.Debug|x64.ActiveCfg = Debug|Any CPU
		{BD1E66EC-28F3-4404-97C5-F7AB7CD019F8}.Debug|x64.Build.0 = Debug|Any CPU
		{BD1E66EC-28F3-4404-97C5-F7AB7CD019F8}.Debug|x86.ActiveCfg = Debug|Any CPU
		{BD1E66EC-28F3-4404-97C5-F7AB7CD019F8}.Debug|x86.Build.0 = Debug|Any CPU
		{BD1E66EC-28F3-4404-97C5-F7AB7CD019F8}.Release|Any CPU.ActiveCfg = Release|Any CPU
		{BD1E66EC-28F3-4404-97C5-F7AB7CD019F8}.Release|Any CPU.Build.0 = Release|Any CPU
		{BD1E66EC-28F3-4404-97C5-F7AB7CD019F8}.Release|ARM.ActiveCfg = Release|Any CPU
		{BD1E66EC-28F3-4404-97C5-F7AB7CD019F8}.Release|ARM.Build.0 = Release|Any CPU
		{BD1E66EC-28F3-4404-97C5-F7AB7CD019F8}.Release|ARM64.ActiveCfg = Release|Any CPU
		{BD1E66EC-28F3-4404-97C5-F7AB7CD019F8}.Release|ARM64.Build.0 = Release|Any CPU
		{BD1E66EC-28F3-4404-97C5-F7AB7CD019F8}.Release|iPhone.ActiveCfg = Release|Any CPU
		{BD1E66EC-28F3-4404-97C5-F7AB7CD019F8}.Release|iPhone.Build.0 = Release|Any CPU
		{BD1E66EC-28F3-4404-97C5-F7AB7CD019F8}.Release|iPhoneSimulator.ActiveCfg = Release|Any CPU
		{BD1E66EC-28F3-4404-97C5-F7AB7CD019F8}.Release|iPhoneSimulator.Build.0 = Release|Any CPU
		{BD1E66EC-28F3-4404-97C5-F7AB7CD019F8}.Release|x64.ActiveCfg = Release|Any CPU
		{BD1E66EC-28F3-4404-97C5-F7AB7CD019F8}.Release|x64.Build.0 = Release|Any CPU
		{BD1E66EC-28F3-4404-97C5-F7AB7CD019F8}.Release|x86.ActiveCfg = Release|Any CPU
		{BD1E66EC-28F3-4404-97C5-F7AB7CD019F8}.Release|x86.Build.0 = Release|Any CPU
		{CF306A96-4534-4EB5-B18E-66F42884B1B8}.Ad-Hoc|Any CPU.ActiveCfg = Release|Any CPU
		{CF306A96-4534-4EB5-B18E-66F42884B1B8}.Ad-Hoc|Any CPU.Build.0 = Release|Any CPU
		{CF306A96-4534-4EB5-B18E-66F42884B1B8}.Ad-Hoc|ARM.ActiveCfg = Release|Any CPU
		{CF306A96-4534-4EB5-B18E-66F42884B1B8}.Ad-Hoc|ARM.Build.0 = Release|Any CPU
		{CF306A96-4534-4EB5-B18E-66F42884B1B8}.Ad-Hoc|ARM64.ActiveCfg = Release|Any CPU
		{CF306A96-4534-4EB5-B18E-66F42884B1B8}.Ad-Hoc|ARM64.Build.0 = Release|Any CPU
		{CF306A96-4534-4EB5-B18E-66F42884B1B8}.Ad-Hoc|iPhone.ActiveCfg = Debug|Any CPU
		{CF306A96-4534-4EB5-B18E-66F42884B1B8}.Ad-Hoc|iPhone.Build.0 = Debug|Any CPU
		{CF306A96-4534-4EB5-B18E-66F42884B1B8}.Ad-Hoc|iPhoneSimulator.ActiveCfg = Release|Any CPU
		{CF306A96-4534-4EB5-B18E-66F42884B1B8}.Ad-Hoc|iPhoneSimulator.Build.0 = Release|Any CPU
		{CF306A96-4534-4EB5-B18E-66F42884B1B8}.Ad-Hoc|x64.ActiveCfg = Release|Any CPU
		{CF306A96-4534-4EB5-B18E-66F42884B1B8}.Ad-Hoc|x64.Build.0 = Release|Any CPU
		{CF306A96-4534-4EB5-B18E-66F42884B1B8}.Ad-Hoc|x86.ActiveCfg = Release|Any CPU
		{CF306A96-4534-4EB5-B18E-66F42884B1B8}.Ad-Hoc|x86.Build.0 = Release|Any CPU
		{CF306A96-4534-4EB5-B18E-66F42884B1B8}.AppStore|Any CPU.ActiveCfg = Release|Any CPU
		{CF306A96-4534-4EB5-B18E-66F42884B1B8}.AppStore|Any CPU.Build.0 = Release|Any CPU
		{CF306A96-4534-4EB5-B18E-66F42884B1B8}.AppStore|ARM.ActiveCfg = Release|Any CPU
		{CF306A96-4534-4EB5-B18E-66F42884B1B8}.AppStore|ARM.Build.0 = Release|Any CPU
		{CF306A96-4534-4EB5-B18E-66F42884B1B8}.AppStore|ARM64.ActiveCfg = Release|Any CPU
		{CF306A96-4534-4EB5-B18E-66F42884B1B8}.AppStore|ARM64.Build.0 = Release|Any CPU
		{CF306A96-4534-4EB5-B18E-66F42884B1B8}.AppStore|iPhone.ActiveCfg = Debug|Any CPU
		{CF306A96-4534-4EB5-B18E-66F42884B1B8}.AppStore|iPhone.Build.0 = Debug|Any CPU
		{CF306A96-4534-4EB5-B18E-66F42884B1B8}.AppStore|iPhoneSimulator.ActiveCfg = Release|Any CPU
		{CF306A96-4534-4EB5-B18E-66F42884B1B8}.AppStore|iPhoneSimulator.Build.0 = Release|Any CPU
		{CF306A96-4534-4EB5-B18E-66F42884B1B8}.AppStore|x64.ActiveCfg = Release|Any CPU
		{CF306A96-4534-4EB5-B18E-66F42884B1B8}.AppStore|x64.Build.0 = Release|Any CPU
		{CF306A96-4534-4EB5-B18E-66F42884B1B8}.AppStore|x86.ActiveCfg = Release|Any CPU
		{CF306A96-4534-4EB5-B18E-66F42884B1B8}.AppStore|x86.Build.0 = Release|Any CPU
		{CF306A96-4534-4EB5-B18E-66F42884B1B8}.Debug|Any CPU.ActiveCfg = Debug|Any CPU
		{CF306A96-4534-4EB5-B18E-66F42884B1B8}.Debug|Any CPU.Build.0 = Debug|Any CPU
		{CF306A96-4534-4EB5-B18E-66F42884B1B8}.Debug|ARM.ActiveCfg = Debug|Any CPU
		{CF306A96-4534-4EB5-B18E-66F42884B1B8}.Debug|ARM.Build.0 = Debug|Any CPU
		{CF306A96-4534-4EB5-B18E-66F42884B1B8}.Debug|ARM64.ActiveCfg = Debug|Any CPU
		{CF306A96-4534-4EB5-B18E-66F42884B1B8}.Debug|ARM64.Build.0 = Debug|Any CPU
		{CF306A96-4534-4EB5-B18E-66F42884B1B8}.Debug|iPhone.ActiveCfg = Debug|Any CPU
		{CF306A96-4534-4EB5-B18E-66F42884B1B8}.Debug|iPhone.Build.0 = Debug|Any CPU
		{CF306A96-4534-4EB5-B18E-66F42884B1B8}.Debug|iPhoneSimulator.ActiveCfg = Debug|Any CPU
		{CF306A96-4534-4EB5-B18E-66F42884B1B8}.Debug|iPhoneSimulator.Build.0 = Debug|Any CPU
		{CF306A96-4534-4EB5-B18E-66F42884B1B8}.Debug|x64.ActiveCfg = Debug|Any CPU
		{CF306A96-4534-4EB5-B18E-66F42884B1B8}.Debug|x64.Build.0 = Debug|Any CPU
		{CF306A96-4534-4EB5-B18E-66F42884B1B8}.Debug|x86.ActiveCfg = Debug|Any CPU
		{CF306A96-4534-4EB5-B18E-66F42884B1B8}.Debug|x86.Build.0 = Debug|Any CPU
		{CF306A96-4534-4EB5-B18E-66F42884B1B8}.Release|Any CPU.ActiveCfg = Release|Any CPU
		{CF306A96-4534-4EB5-B18E-66F42884B1B8}.Release|Any CPU.Build.0 = Release|Any CPU
		{CF306A96-4534-4EB5-B18E-66F42884B1B8}.Release|ARM.ActiveCfg = Release|Any CPU
		{CF306A96-4534-4EB5-B18E-66F42884B1B8}.Release|ARM.Build.0 = Release|Any CPU
		{CF306A96-4534-4EB5-B18E-66F42884B1B8}.Release|ARM64.ActiveCfg = Release|Any CPU
		{CF306A96-4534-4EB5-B18E-66F42884B1B8}.Release|ARM64.Build.0 = Release|Any CPU
		{CF306A96-4534-4EB5-B18E-66F42884B1B8}.Release|iPhone.ActiveCfg = Release|Any CPU
		{CF306A96-4534-4EB5-B18E-66F42884B1B8}.Release|iPhone.Build.0 = Release|Any CPU
		{CF306A96-4534-4EB5-B18E-66F42884B1B8}.Release|iPhoneSimulator.ActiveCfg = Release|Any CPU
		{CF306A96-4534-4EB5-B18E-66F42884B1B8}.Release|iPhoneSimulator.Build.0 = Release|Any CPU
		{CF306A96-4534-4EB5-B18E-66F42884B1B8}.Release|x64.ActiveCfg = Release|Any CPU
		{CF306A96-4534-4EB5-B18E-66F42884B1B8}.Release|x64.Build.0 = Release|Any CPU
		{CF306A96-4534-4EB5-B18E-66F42884B1B8}.Release|x86.ActiveCfg = Release|Any CPU
		{CF306A96-4534-4EB5-B18E-66F42884B1B8}.Release|x86.Build.0 = Release|Any CPU
		{8808D9CE-CDEB-43AA-BE1A-05766A865FC6}.Ad-Hoc|Any CPU.ActiveCfg = Release|x64
		{8808D9CE-CDEB-43AA-BE1A-05766A865FC6}.Ad-Hoc|Any CPU.Build.0 = Release|x64
		{8808D9CE-CDEB-43AA-BE1A-05766A865FC6}.Ad-Hoc|Any CPU.Deploy.0 = Release|x64
		{8808D9CE-CDEB-43AA-BE1A-05766A865FC6}.Ad-Hoc|ARM.ActiveCfg = Release|ARM
		{8808D9CE-CDEB-43AA-BE1A-05766A865FC6}.Ad-Hoc|ARM.Build.0 = Release|ARM
		{8808D9CE-CDEB-43AA-BE1A-05766A865FC6}.Ad-Hoc|ARM.Deploy.0 = Release|ARM
		{8808D9CE-CDEB-43AA-BE1A-05766A865FC6}.Ad-Hoc|ARM64.ActiveCfg = Release|ARM64
		{8808D9CE-CDEB-43AA-BE1A-05766A865FC6}.Ad-Hoc|ARM64.Build.0 = Release|ARM64
		{8808D9CE-CDEB-43AA-BE1A-05766A865FC6}.Ad-Hoc|ARM64.Deploy.0 = Release|ARM64
		{8808D9CE-CDEB-43AA-BE1A-05766A865FC6}.Ad-Hoc|iPhone.ActiveCfg = Release|x64
		{8808D9CE-CDEB-43AA-BE1A-05766A865FC6}.Ad-Hoc|iPhone.Build.0 = Release|x64
		{8808D9CE-CDEB-43AA-BE1A-05766A865FC6}.Ad-Hoc|iPhone.Deploy.0 = Release|x64
		{8808D9CE-CDEB-43AA-BE1A-05766A865FC6}.Ad-Hoc|iPhoneSimulator.ActiveCfg = Release|x64
		{8808D9CE-CDEB-43AA-BE1A-05766A865FC6}.Ad-Hoc|iPhoneSimulator.Build.0 = Release|x64
		{8808D9CE-CDEB-43AA-BE1A-05766A865FC6}.Ad-Hoc|iPhoneSimulator.Deploy.0 = Release|x64
		{8808D9CE-CDEB-43AA-BE1A-05766A865FC6}.Ad-Hoc|x64.ActiveCfg = Release|x64
		{8808D9CE-CDEB-43AA-BE1A-05766A865FC6}.Ad-Hoc|x64.Build.0 = Release|x64
		{8808D9CE-CDEB-43AA-BE1A-05766A865FC6}.Ad-Hoc|x64.Deploy.0 = Release|x64
		{8808D9CE-CDEB-43AA-BE1A-05766A865FC6}.Ad-Hoc|x86.ActiveCfg = Release|x86
		{8808D9CE-CDEB-43AA-BE1A-05766A865FC6}.Ad-Hoc|x86.Build.0 = Release|x86
		{8808D9CE-CDEB-43AA-BE1A-05766A865FC6}.Ad-Hoc|x86.Deploy.0 = Release|x86
		{8808D9CE-CDEB-43AA-BE1A-05766A865FC6}.AppStore|Any CPU.ActiveCfg = Release|x64
		{8808D9CE-CDEB-43AA-BE1A-05766A865FC6}.AppStore|Any CPU.Build.0 = Release|x64
		{8808D9CE-CDEB-43AA-BE1A-05766A865FC6}.AppStore|Any CPU.Deploy.0 = Release|x64
		{8808D9CE-CDEB-43AA-BE1A-05766A865FC6}.AppStore|ARM.ActiveCfg = Release|ARM
		{8808D9CE-CDEB-43AA-BE1A-05766A865FC6}.AppStore|ARM.Build.0 = Release|ARM
		{8808D9CE-CDEB-43AA-BE1A-05766A865FC6}.AppStore|ARM.Deploy.0 = Release|ARM
		{8808D9CE-CDEB-43AA-BE1A-05766A865FC6}.AppStore|ARM64.ActiveCfg = Release|ARM64
		{8808D9CE-CDEB-43AA-BE1A-05766A865FC6}.AppStore|ARM64.Build.0 = Release|ARM64
		{8808D9CE-CDEB-43AA-BE1A-05766A865FC6}.AppStore|ARM64.Deploy.0 = Release|ARM64
		{8808D9CE-CDEB-43AA-BE1A-05766A865FC6}.AppStore|iPhone.ActiveCfg = Release|x64
		{8808D9CE-CDEB-43AA-BE1A-05766A865FC6}.AppStore|iPhone.Build.0 = Release|x64
		{8808D9CE-CDEB-43AA-BE1A-05766A865FC6}.AppStore|iPhone.Deploy.0 = Release|x64
		{8808D9CE-CDEB-43AA-BE1A-05766A865FC6}.AppStore|iPhoneSimulator.ActiveCfg = Release|x64
		{8808D9CE-CDEB-43AA-BE1A-05766A865FC6}.AppStore|iPhoneSimulator.Build.0 = Release|x64
		{8808D9CE-CDEB-43AA-BE1A-05766A865FC6}.AppStore|iPhoneSimulator.Deploy.0 = Release|x64
		{8808D9CE-CDEB-43AA-BE1A-05766A865FC6}.AppStore|x64.ActiveCfg = Release|x64
		{8808D9CE-CDEB-43AA-BE1A-05766A865FC6}.AppStore|x64.Build.0 = Release|x64
		{8808D9CE-CDEB-43AA-BE1A-05766A865FC6}.AppStore|x64.Deploy.0 = Release|x64
		{8808D9CE-CDEB-43AA-BE1A-05766A865FC6}.AppStore|x86.ActiveCfg = Release|x86
		{8808D9CE-CDEB-43AA-BE1A-05766A865FC6}.AppStore|x86.Build.0 = Release|x86
		{8808D9CE-CDEB-43AA-BE1A-05766A865FC6}.AppStore|x86.Deploy.0 = Release|x86
		{8808D9CE-CDEB-43AA-BE1A-05766A865FC6}.Debug|Any CPU.ActiveCfg = Debug|x86
		{8808D9CE-CDEB-43AA-BE1A-05766A865FC6}.Debug|Any CPU.Build.0 = Debug|x86
		{8808D9CE-CDEB-43AA-BE1A-05766A865FC6}.Debug|Any CPU.Deploy.0 = Debug|x86
		{8808D9CE-CDEB-43AA-BE1A-05766A865FC6}.Debug|ARM.ActiveCfg = Debug|ARM
		{8808D9CE-CDEB-43AA-BE1A-05766A865FC6}.Debug|ARM.Build.0 = Debug|ARM
		{8808D9CE-CDEB-43AA-BE1A-05766A865FC6}.Debug|ARM.Deploy.0 = Debug|ARM
		{8808D9CE-CDEB-43AA-BE1A-05766A865FC6}.Debug|ARM64.ActiveCfg = Debug|ARM64
		{8808D9CE-CDEB-43AA-BE1A-05766A865FC6}.Debug|ARM64.Build.0 = Debug|ARM64
		{8808D9CE-CDEB-43AA-BE1A-05766A865FC6}.Debug|ARM64.Deploy.0 = Debug|ARM64
		{8808D9CE-CDEB-43AA-BE1A-05766A865FC6}.Debug|iPhone.ActiveCfg = Debug|x86
		{8808D9CE-CDEB-43AA-BE1A-05766A865FC6}.Debug|iPhoneSimulator.ActiveCfg = Debug|x86
		{8808D9CE-CDEB-43AA-BE1A-05766A865FC6}.Debug|x64.ActiveCfg = Debug|x64
		{8808D9CE-CDEB-43AA-BE1A-05766A865FC6}.Debug|x64.Build.0 = Debug|x64
		{8808D9CE-CDEB-43AA-BE1A-05766A865FC6}.Debug|x64.Deploy.0 = Debug|x64
		{8808D9CE-CDEB-43AA-BE1A-05766A865FC6}.Debug|x86.ActiveCfg = Debug|x86
		{8808D9CE-CDEB-43AA-BE1A-05766A865FC6}.Debug|x86.Build.0 = Debug|x86
		{8808D9CE-CDEB-43AA-BE1A-05766A865FC6}.Debug|x86.Deploy.0 = Debug|x86
		{8808D9CE-CDEB-43AA-BE1A-05766A865FC6}.Release|Any CPU.ActiveCfg = Release|x86
		{8808D9CE-CDEB-43AA-BE1A-05766A865FC6}.Release|ARM.ActiveCfg = Release|ARM
		{8808D9CE-CDEB-43AA-BE1A-05766A865FC6}.Release|ARM.Build.0 = Release|ARM
		{8808D9CE-CDEB-43AA-BE1A-05766A865FC6}.Release|ARM.Deploy.0 = Release|ARM
		{8808D9CE-CDEB-43AA-BE1A-05766A865FC6}.Release|ARM64.ActiveCfg = Release|ARM64
		{8808D9CE-CDEB-43AA-BE1A-05766A865FC6}.Release|ARM64.Build.0 = Release|ARM64
		{8808D9CE-CDEB-43AA-BE1A-05766A865FC6}.Release|ARM64.Deploy.0 = Release|ARM64
		{8808D9CE-CDEB-43AA-BE1A-05766A865FC6}.Release|iPhone.ActiveCfg = Release|x86
		{8808D9CE-CDEB-43AA-BE1A-05766A865FC6}.Release|iPhoneSimulator.ActiveCfg = Release|x86
		{8808D9CE-CDEB-43AA-BE1A-05766A865FC6}.Release|x64.ActiveCfg = Release|x64
		{8808D9CE-CDEB-43AA-BE1A-05766A865FC6}.Release|x64.Build.0 = Release|x64
		{8808D9CE-CDEB-43AA-BE1A-05766A865FC6}.Release|x64.Deploy.0 = Release|x64
		{8808D9CE-CDEB-43AA-BE1A-05766A865FC6}.Release|x86.ActiveCfg = Release|x86
		{8808D9CE-CDEB-43AA-BE1A-05766A865FC6}.Release|x86.Build.0 = Release|x86
		{8808D9CE-CDEB-43AA-BE1A-05766A865FC6}.Release|x86.Deploy.0 = Release|x86
		{B17577E7-6D7A-4852-86B0-F5EA3FE9E15B}.Ad-Hoc|Any CPU.ActiveCfg = Release|Any CPU
		{B17577E7-6D7A-4852-86B0-F5EA3FE9E15B}.Ad-Hoc|Any CPU.Build.0 = Release|Any CPU
		{B17577E7-6D7A-4852-86B0-F5EA3FE9E15B}.Ad-Hoc|ARM.ActiveCfg = Release|Any CPU
		{B17577E7-6D7A-4852-86B0-F5EA3FE9E15B}.Ad-Hoc|ARM.Build.0 = Release|Any CPU
		{B17577E7-6D7A-4852-86B0-F5EA3FE9E15B}.Ad-Hoc|ARM64.ActiveCfg = Release|Any CPU
		{B17577E7-6D7A-4852-86B0-F5EA3FE9E15B}.Ad-Hoc|ARM64.Build.0 = Release|Any CPU
		{B17577E7-6D7A-4852-86B0-F5EA3FE9E15B}.Ad-Hoc|iPhone.ActiveCfg = Release|Any CPU
		{B17577E7-6D7A-4852-86B0-F5EA3FE9E15B}.Ad-Hoc|iPhone.Build.0 = Release|Any CPU
		{B17577E7-6D7A-4852-86B0-F5EA3FE9E15B}.Ad-Hoc|iPhoneSimulator.ActiveCfg = Release|Any CPU
		{B17577E7-6D7A-4852-86B0-F5EA3FE9E15B}.Ad-Hoc|iPhoneSimulator.Build.0 = Release|Any CPU
		{B17577E7-6D7A-4852-86B0-F5EA3FE9E15B}.Ad-Hoc|x64.ActiveCfg = Release|Any CPU
		{B17577E7-6D7A-4852-86B0-F5EA3FE9E15B}.Ad-Hoc|x64.Build.0 = Release|Any CPU
		{B17577E7-6D7A-4852-86B0-F5EA3FE9E15B}.Ad-Hoc|x86.ActiveCfg = Release|Any CPU
		{B17577E7-6D7A-4852-86B0-F5EA3FE9E15B}.Ad-Hoc|x86.Build.0 = Release|Any CPU
		{B17577E7-6D7A-4852-86B0-F5EA3FE9E15B}.AppStore|Any CPU.ActiveCfg = Release|Any CPU
		{B17577E7-6D7A-4852-86B0-F5EA3FE9E15B}.AppStore|Any CPU.Build.0 = Release|Any CPU
		{B17577E7-6D7A-4852-86B0-F5EA3FE9E15B}.AppStore|ARM.ActiveCfg = Release|Any CPU
		{B17577E7-6D7A-4852-86B0-F5EA3FE9E15B}.AppStore|ARM.Build.0 = Release|Any CPU
		{B17577E7-6D7A-4852-86B0-F5EA3FE9E15B}.AppStore|ARM64.ActiveCfg = Release|Any CPU
		{B17577E7-6D7A-4852-86B0-F5EA3FE9E15B}.AppStore|ARM64.Build.0 = Release|Any CPU
		{B17577E7-6D7A-4852-86B0-F5EA3FE9E15B}.AppStore|iPhone.ActiveCfg = Release|Any CPU
		{B17577E7-6D7A-4852-86B0-F5EA3FE9E15B}.AppStore|iPhone.Build.0 = Release|Any CPU
		{B17577E7-6D7A-4852-86B0-F5EA3FE9E15B}.AppStore|iPhoneSimulator.ActiveCfg = Release|Any CPU
		{B17577E7-6D7A-4852-86B0-F5EA3FE9E15B}.AppStore|iPhoneSimulator.Build.0 = Release|Any CPU
		{B17577E7-6D7A-4852-86B0-F5EA3FE9E15B}.AppStore|x64.ActiveCfg = Release|Any CPU
		{B17577E7-6D7A-4852-86B0-F5EA3FE9E15B}.AppStore|x64.Build.0 = Release|Any CPU
		{B17577E7-6D7A-4852-86B0-F5EA3FE9E15B}.AppStore|x86.ActiveCfg = Release|Any CPU
		{B17577E7-6D7A-4852-86B0-F5EA3FE9E15B}.AppStore|x86.Build.0 = Release|Any CPU
		{B17577E7-6D7A-4852-86B0-F5EA3FE9E15B}.Debug|Any CPU.ActiveCfg = Debug|Any CPU
		{B17577E7-6D7A-4852-86B0-F5EA3FE9E15B}.Debug|Any CPU.Build.0 = Debug|Any CPU
		{B17577E7-6D7A-4852-86B0-F5EA3FE9E15B}.Debug|ARM.ActiveCfg = Debug|Any CPU
		{B17577E7-6D7A-4852-86B0-F5EA3FE9E15B}.Debug|ARM.Build.0 = Debug|Any CPU
		{B17577E7-6D7A-4852-86B0-F5EA3FE9E15B}.Debug|ARM64.ActiveCfg = Debug|Any CPU
		{B17577E7-6D7A-4852-86B0-F5EA3FE9E15B}.Debug|ARM64.Build.0 = Debug|Any CPU
		{B17577E7-6D7A-4852-86B0-F5EA3FE9E15B}.Debug|iPhone.ActiveCfg = Debug|Any CPU
		{B17577E7-6D7A-4852-86B0-F5EA3FE9E15B}.Debug|iPhone.Build.0 = Debug|Any CPU
		{B17577E7-6D7A-4852-86B0-F5EA3FE9E15B}.Debug|iPhoneSimulator.ActiveCfg = Debug|Any CPU
		{B17577E7-6D7A-4852-86B0-F5EA3FE9E15B}.Debug|iPhoneSimulator.Build.0 = Debug|Any CPU
		{B17577E7-6D7A-4852-86B0-F5EA3FE9E15B}.Debug|x64.ActiveCfg = Debug|Any CPU
		{B17577E7-6D7A-4852-86B0-F5EA3FE9E15B}.Debug|x64.Build.0 = Debug|Any CPU
		{B17577E7-6D7A-4852-86B0-F5EA3FE9E15B}.Debug|x86.ActiveCfg = Debug|Any CPU
		{B17577E7-6D7A-4852-86B0-F5EA3FE9E15B}.Debug|x86.Build.0 = Debug|Any CPU
		{B17577E7-6D7A-4852-86B0-F5EA3FE9E15B}.Release|Any CPU.ActiveCfg = Release|Any CPU
		{B17577E7-6D7A-4852-86B0-F5EA3FE9E15B}.Release|Any CPU.Build.0 = Release|Any CPU
		{B17577E7-6D7A-4852-86B0-F5EA3FE9E15B}.Release|ARM.ActiveCfg = Release|Any CPU
		{B17577E7-6D7A-4852-86B0-F5EA3FE9E15B}.Release|ARM.Build.0 = Release|Any CPU
		{B17577E7-6D7A-4852-86B0-F5EA3FE9E15B}.Release|ARM64.ActiveCfg = Release|Any CPU
		{B17577E7-6D7A-4852-86B0-F5EA3FE9E15B}.Release|ARM64.Build.0 = Release|Any CPU
		{B17577E7-6D7A-4852-86B0-F5EA3FE9E15B}.Release|iPhone.ActiveCfg = Release|Any CPU
		{B17577E7-6D7A-4852-86B0-F5EA3FE9E15B}.Release|iPhone.Build.0 = Release|Any CPU
		{B17577E7-6D7A-4852-86B0-F5EA3FE9E15B}.Release|iPhoneSimulator.ActiveCfg = Release|Any CPU
		{B17577E7-6D7A-4852-86B0-F5EA3FE9E15B}.Release|iPhoneSimulator.Build.0 = Release|Any CPU
		{B17577E7-6D7A-4852-86B0-F5EA3FE9E15B}.Release|x64.ActiveCfg = Release|Any CPU
		{B17577E7-6D7A-4852-86B0-F5EA3FE9E15B}.Release|x64.Build.0 = Release|Any CPU
		{B17577E7-6D7A-4852-86B0-F5EA3FE9E15B}.Release|x86.ActiveCfg = Release|Any CPU
		{B17577E7-6D7A-4852-86B0-F5EA3FE9E15B}.Release|x86.Build.0 = Release|Any CPU
		{D99B097D-E0B6-41CB-ADD7-838B7D818164}.Ad-Hoc|Any CPU.ActiveCfg = Release|Any CPU
		{D99B097D-E0B6-41CB-ADD7-838B7D818164}.Ad-Hoc|Any CPU.Build.0 = Release|Any CPU
		{D99B097D-E0B6-41CB-ADD7-838B7D818164}.Ad-Hoc|ARM.ActiveCfg = Release|Any CPU
		{D99B097D-E0B6-41CB-ADD7-838B7D818164}.Ad-Hoc|ARM.Build.0 = Release|Any CPU
		{D99B097D-E0B6-41CB-ADD7-838B7D818164}.Ad-Hoc|ARM64.ActiveCfg = Release|Any CPU
		{D99B097D-E0B6-41CB-ADD7-838B7D818164}.Ad-Hoc|ARM64.Build.0 = Release|Any CPU
		{D99B097D-E0B6-41CB-ADD7-838B7D818164}.Ad-Hoc|iPhone.ActiveCfg = Release|Any CPU
		{D99B097D-E0B6-41CB-ADD7-838B7D818164}.Ad-Hoc|iPhone.Build.0 = Release|Any CPU
		{D99B097D-E0B6-41CB-ADD7-838B7D818164}.Ad-Hoc|iPhoneSimulator.ActiveCfg = Release|Any CPU
		{D99B097D-E0B6-41CB-ADD7-838B7D818164}.Ad-Hoc|iPhoneSimulator.Build.0 = Release|Any CPU
		{D99B097D-E0B6-41CB-ADD7-838B7D818164}.Ad-Hoc|x64.ActiveCfg = Release|Any CPU
		{D99B097D-E0B6-41CB-ADD7-838B7D818164}.Ad-Hoc|x64.Build.0 = Release|Any CPU
		{D99B097D-E0B6-41CB-ADD7-838B7D818164}.Ad-Hoc|x86.ActiveCfg = Release|Any CPU
		{D99B097D-E0B6-41CB-ADD7-838B7D818164}.Ad-Hoc|x86.Build.0 = Release|Any CPU
		{D99B097D-E0B6-41CB-ADD7-838B7D818164}.AppStore|Any CPU.ActiveCfg = Release|Any CPU
		{D99B097D-E0B6-41CB-ADD7-838B7D818164}.AppStore|Any CPU.Build.0 = Release|Any CPU
		{D99B097D-E0B6-41CB-ADD7-838B7D818164}.AppStore|ARM.ActiveCfg = Release|Any CPU
		{D99B097D-E0B6-41CB-ADD7-838B7D818164}.AppStore|ARM.Build.0 = Release|Any CPU
		{D99B097D-E0B6-41CB-ADD7-838B7D818164}.AppStore|ARM64.ActiveCfg = Release|Any CPU
		{D99B097D-E0B6-41CB-ADD7-838B7D818164}.AppStore|ARM64.Build.0 = Release|Any CPU
		{D99B097D-E0B6-41CB-ADD7-838B7D818164}.AppStore|iPhone.ActiveCfg = Release|Any CPU
		{D99B097D-E0B6-41CB-ADD7-838B7D818164}.AppStore|iPhone.Build.0 = Release|Any CPU
		{D99B097D-E0B6-41CB-ADD7-838B7D818164}.AppStore|iPhoneSimulator.ActiveCfg = Release|Any CPU
		{D99B097D-E0B6-41CB-ADD7-838B7D818164}.AppStore|iPhoneSimulator.Build.0 = Release|Any CPU
		{D99B097D-E0B6-41CB-ADD7-838B7D818164}.AppStore|x64.ActiveCfg = Release|Any CPU
		{D99B097D-E0B6-41CB-ADD7-838B7D818164}.AppStore|x64.Build.0 = Release|Any CPU
		{D99B097D-E0B6-41CB-ADD7-838B7D818164}.AppStore|x86.ActiveCfg = Release|Any CPU
		{D99B097D-E0B6-41CB-ADD7-838B7D818164}.AppStore|x86.Build.0 = Release|Any CPU
		{D99B097D-E0B6-41CB-ADD7-838B7D818164}.Debug|Any CPU.ActiveCfg = Debug|Any CPU
		{D99B097D-E0B6-41CB-ADD7-838B7D818164}.Debug|Any CPU.Build.0 = Debug|Any CPU
		{D99B097D-E0B6-41CB-ADD7-838B7D818164}.Debug|ARM.ActiveCfg = Debug|Any CPU
		{D99B097D-E0B6-41CB-ADD7-838B7D818164}.Debug|ARM.Build.0 = Debug|Any CPU
		{D99B097D-E0B6-41CB-ADD7-838B7D818164}.Debug|ARM64.ActiveCfg = Debug|Any CPU
		{D99B097D-E0B6-41CB-ADD7-838B7D818164}.Debug|ARM64.Build.0 = Debug|Any CPU
		{D99B097D-E0B6-41CB-ADD7-838B7D818164}.Debug|iPhone.ActiveCfg = Debug|Any CPU
		{D99B097D-E0B6-41CB-ADD7-838B7D818164}.Debug|iPhone.Build.0 = Debug|Any CPU
		{D99B097D-E0B6-41CB-ADD7-838B7D818164}.Debug|iPhoneSimulator.ActiveCfg = Debug|Any CPU
		{D99B097D-E0B6-41CB-ADD7-838B7D818164}.Debug|iPhoneSimulator.Build.0 = Debug|Any CPU
		{D99B097D-E0B6-41CB-ADD7-838B7D818164}.Debug|x64.ActiveCfg = Debug|Any CPU
		{D99B097D-E0B6-41CB-ADD7-838B7D818164}.Debug|x64.Build.0 = Debug|Any CPU
		{D99B097D-E0B6-41CB-ADD7-838B7D818164}.Debug|x86.ActiveCfg = Debug|Any CPU
		{D99B097D-E0B6-41CB-ADD7-838B7D818164}.Debug|x86.Build.0 = Debug|Any CPU
		{D99B097D-E0B6-41CB-ADD7-838B7D818164}.Release|Any CPU.ActiveCfg = Release|Any CPU
		{D99B097D-E0B6-41CB-ADD7-838B7D818164}.Release|Any CPU.Build.0 = Release|Any CPU
		{D99B097D-E0B6-41CB-ADD7-838B7D818164}.Release|ARM.ActiveCfg = Release|Any CPU
		{D99B097D-E0B6-41CB-ADD7-838B7D818164}.Release|ARM.Build.0 = Release|Any CPU
		{D99B097D-E0B6-41CB-ADD7-838B7D818164}.Release|ARM64.ActiveCfg = Release|Any CPU
		{D99B097D-E0B6-41CB-ADD7-838B7D818164}.Release|ARM64.Build.0 = Release|Any CPU
		{D99B097D-E0B6-41CB-ADD7-838B7D818164}.Release|iPhone.ActiveCfg = Release|Any CPU
		{D99B097D-E0B6-41CB-ADD7-838B7D818164}.Release|iPhone.Build.0 = Release|Any CPU
		{D99B097D-E0B6-41CB-ADD7-838B7D818164}.Release|iPhoneSimulator.ActiveCfg = Release|Any CPU
		{D99B097D-E0B6-41CB-ADD7-838B7D818164}.Release|iPhoneSimulator.Build.0 = Release|Any CPU
		{D99B097D-E0B6-41CB-ADD7-838B7D818164}.Release|x64.ActiveCfg = Release|Any CPU
		{D99B097D-E0B6-41CB-ADD7-838B7D818164}.Release|x64.Build.0 = Release|Any CPU
		{D99B097D-E0B6-41CB-ADD7-838B7D818164}.Release|x86.ActiveCfg = Release|Any CPU
		{D99B097D-E0B6-41CB-ADD7-838B7D818164}.Release|x86.Build.0 = Release|Any CPU
	EndGlobalSection
	GlobalSection(SolutionProperties) = preSolution
		HideSolutionNode = FALSE
	EndGlobalSection
	GlobalSection(NestedProjects) = preSolution
		{F9F756A0-9366-44C1-97E2-26E3D6F76987} = {92B6C8FA-AFE5-4E93-A402-1BF8206283FC}
		{ED6E135C-8E98-439D-8505-990C5D163211} = {92B6C8FA-AFE5-4E93-A402-1BF8206283FC}
		{8808D9CE-CDEB-43AA-BE1A-05766A865FC6} = {92B6C8FA-AFE5-4E93-A402-1BF8206283FC}
	EndGlobalSection
	GlobalSection(ExtensibilityGlobals) = postSolution
		SolutionGuid = {F8FDE2D8-0A86-459E-A0C7-9B9E68ED1834}
	EndGlobalSection
EndGlobal
